# THIS IS AN AUTOGENERATED FILE. DO NOT EDIT THIS FILE DIRECTLY.
# yarn lockfile v1


oracledb@^5.4.0:
  version "5.4.0"
  resolved "https://registry.yarnpkg.com/oracledb/-/oracledb-5.4.0.tgz#0ae79faa9a3c04d39b845b897d1e58342d275a85"
  integrity sha512-JirwPg+HobTV6EuXcHoHA0n55wJiWCNHaS2TRSHLSxOB9WbDyrT8q6E5PPB7nre1V/kFCd5luHkV1z780Voyfw==
